{
    "version": 3,
    "terraform_version": "0.11.10",
    "serial": 32,
    "lineage": "e79025c7-4ffd-77a2-c0ca-f8c4f6e1396c",
    "modules": [
        {
            "path": [
                "root"
            ],
            "outputs": {
                "instance_public_ip": {
                    "sensitive": false,
                    "type": "string",
                    "value": "18.209.255.31 "
                },
                "security_group_descr": {
                    "sensitive": false,
                    "type": "string",
                    "value": "Allow all inbound traffic to ssh"
                },
                "security_group_id": {
                    "sensitive": false,
                    "type": "string",
                    "value": "sg-074cc8020cb792f62"
                },
                "security_group_name": {
                    "sensitive": false,
                    "type": "string",
                    "value": "pruebas-tf-cloud-allow_ssh_anywhere_terra2"
                }
            },
            "resources": {
                "aws_eip.web_eip": {
                    "type": "aws_eip",
                    "depends_on": [
                        "aws_instance.web"
                    ],
                    "primary": {
                        "id": "eipalloc-0efd24079a9dd9b63",
                        "attributes": {
                            "association_id": "eipassoc-0936fcd8221909992",
                            "domain": "vpc",
                            "id": "eipalloc-0efd24079a9dd9b63",
                            "instance": "i-0c768ea55b9a24e7f",
                            "network_interface": "eni-031c1a98e430c963c",
                            "private_ip": "172.31.45.250",
                            "public_ip": "18.209.255.31",
                            "tags.%": "1",
                            "tags.Name": "pruebas-tf-cloud-eip",
                            "vpc": "true"
                        },
                        "meta": {
                            "e2bfb730-ecaa-11e6-8f88-34363bc7c4c0": {
                                "delete": 180000000000,
                                "read": 900000000000,
                                "update": 300000000000
                            }
                        },
                        "tainted": false
                    },
                    "deposed": [],
                    "provider": "provider.aws"
                },
                "aws_instance.web": {
                    "type": "aws_instance",
                    "depends_on": [
                        "aws_key_pair.keypair",
                        "aws_security_group.allow_http_anywhere_terra2",
                        "aws_security_group.allow_ssh_anywhere_terra2",
                        "data.aws_ami.ubuntu"
                    ],
                    "primary": {
                        "id": "i-0c768ea55b9a24e7f",
                        "attributes": {
                            "ami": "ami-0977029b5b13f3d08",
                            "arn": "arn:aws:ec2:us-east-1:259360156455:instance/i-0c768ea55b9a24e7f",
                            "associate_public_ip_address": "true",
                            "availability_zone": "us-east-1d",
                            "cpu_core_count": "1",
                            "cpu_threads_per_core": "1",
                            "credit_specification.#": "1",
                            "credit_specification.0.cpu_credits": "standard",
                            "disable_api_termination": "false",
                            "ebs_block_device.#": "0",
                            "ebs_optimized": "false",
                            "ephemeral_block_device.#": "0",
                            "get_password_data": "false",
                            "iam_instance_profile": "",
                            "id": "i-0c768ea55b9a24e7f",
                            "instance_state": "running",
                            "instance_type": "t2.micro",
                            "ipv6_addresses.#": "0",
                            "key_name": "pruebas-tf-cloud-keypair",
                            "monitoring": "false",
                            "network_interface.#": "0",
                            "network_interface_id": "eni-031c1a98e430c963c",
                            "password_data": "",
                            "placement_group": "",
                            "primary_network_interface_id": "eni-031c1a98e430c963c",
                            "private_dns": "ip-172-31-45-250.ec2.internal",
                            "private_ip": "172.31.45.250",
                            "public_dns": "ec2-100-24-13-109.compute-1.amazonaws.com",
                            "public_ip": "100.24.13.109",
                            "root_block_device.#": "1",
                            "root_block_device.0.delete_on_termination": "true",
                            "root_block_device.0.iops": "100",
                            "root_block_device.0.volume_id": "vol-01e4c5d7c2f7aece1",
                            "root_block_device.0.volume_size": "8",
                            "root_block_device.0.volume_type": "gp2",
                            "security_groups.#": "2",
                            "security_groups.1576099714": "pruebas-tf-cloud-allow_ssh_anywhere_terra2",
                            "security_groups.3548707294": "pruebas-tf-cloud-allow_http_anywhere_terra2",
                            "source_dest_check": "true",
                            "subnet_id": "subnet-a571e4f9",
                            "tags.%": "1",
                            "tags.Name": "pruebas-tf-cloud-instance",
                            "tenancy": "default",
                            "user_data": "6d35aaf0f903f41a824e2b767ba6c1d5b5c5ef4e",
                            "volume_tags.%": "0",
                            "vpc_security_group_ids.#": "2",
                            "vpc_security_group_ids.1319064026": "sg-00004d8857ca26e69",
                            "vpc_security_group_ids.140831768": "sg-074cc8020cb792f62"
                        },
                        "meta": {
                            "e2bfb730-ecaa-11e6-8f88-34363bc7c4c0": {
                                "create": 600000000000,
                                "delete": 1200000000000,
                                "update": 600000000000
                            },
                            "schema_version": "1"
                        },
                        "tainted": false
                    },
                    "deposed": [],
                    "provider": "provider.aws"
                },
                "aws_key_pair.keypair": {
                    "type": "aws_key_pair",
                    "depends_on": [],
                    "primary": {
                        "id": "pruebas-tf-cloud-keypair",
                        "attributes": {
                            "fingerprint": "28:23:17:fa:9b:ea:be:dd:11:04:6b:9d:4c:7c:fe:6f",
                            "id": "pruebas-tf-cloud-keypair",
                            "key_name": "pruebas-tf-cloud-keypair",
                            "public_key": "ssh-rsa AAAAB3NzaC1yc2EAAAADAQABAAABAQDahe9emvaTeLxvAr1C9/yyroAwpBIzVoXow25f2Zx6FySiEK6B8aOlqlXwWMiFklmHJGu9H53idjAoijfZ+uktvtwS8Xd1cBqSSWWrBhP3+WIeqTcjFr4MrCpNCZCIz6FdrTRvLFX5Xtgu/ouPi7oGL03qQN48hmJuiuARA02hjVBVDeT2ARkzgEPrzjhScG3nWRvpe76TLMgEQJDxCLBVZrVlP/Ct42tZP8R6S54r9MdfQY0n994QhEWZXXrdRsQls3ncNg9/15VtQufn/jJu5HUF5kYr1f4EB4HLdniHnXgVQh8Tc8enDh4pIE3YWfSqipbKZLLRDixT7+O8UUUJ shw@LAPTOP-8Q8IEGDU"
                        },
                        "meta": {
                            "schema_version": "1"
                        },
                        "tainted": false
                    },
                    "deposed": [],
                    "provider": "provider.aws"
                },
                "aws_security_group.allow_http_anywhere_terra2": {
                    "type": "aws_security_group",
                    "depends_on": [],
                    "primary": {
                        "id": "sg-00004d8857ca26e69",
                        "attributes": {
                            "arn": "arn:aws:ec2:us-east-1:259360156455:security-group/sg-00004d8857ca26e69",
                            "description": "Allow all inbound traffic to http",
                            "egress.#": "1",
                            "egress.482069346.cidr_blocks.#": "1",
                            "egress.482069346.cidr_blocks.0": "0.0.0.0/0",
                            "egress.482069346.description": "",
                            "egress.482069346.from_port": "0",
                            "egress.482069346.ipv6_cidr_blocks.#": "0",
                            "egress.482069346.prefix_list_ids.#": "0",
                            "egress.482069346.protocol": "-1",
                            "egress.482069346.security_groups.#": "0",
                            "egress.482069346.self": "false",
                            "egress.482069346.to_port": "0",
                            "id": "sg-00004d8857ca26e69",
                            "ingress.#": "1",
                            "ingress.2214680975.cidr_blocks.#": "1",
                            "ingress.2214680975.cidr_blocks.0": "0.0.0.0/0",
                            "ingress.2214680975.description": "",
                            "ingress.2214680975.from_port": "80",
                            "ingress.2214680975.ipv6_cidr_blocks.#": "0",
                            "ingress.2214680975.prefix_list_ids.#": "0",
                            "ingress.2214680975.protocol": "tcp",
                            "ingress.2214680975.security_groups.#": "0",
                            "ingress.2214680975.self": "false",
                            "ingress.2214680975.to_port": "80",
                            "name": "pruebas-tf-cloud-allow_http_anywhere_terra2",
                            "owner_id": "259360156455",
                            "revoke_rules_on_delete": "false",
                            "tags.%": "0",
                            "vpc_id": "vpc-c5a400bf"
                        },
                        "meta": {
                            "e2bfb730-ecaa-11e6-8f88-34363bc7c4c0": {
                                "create": 600000000000,
                                "delete": 600000000000
                            },
                            "schema_version": "1"
                        },
                        "tainted": false
                    },
                    "deposed": [],
                    "provider": "provider.aws"
                },
                "aws_security_group.allow_ssh_anywhere_terra2": {
                    "type": "aws_security_group",
                    "depends_on": [],
                    "primary": {
                        "id": "sg-074cc8020cb792f62",
                        "attributes": {
                            "arn": "arn:aws:ec2:us-east-1:259360156455:security-group/sg-074cc8020cb792f62",
                            "description": "Allow all inbound traffic to ssh",
                            "egress.#": "1",
                            "egress.482069346.cidr_blocks.#": "1",
                            "egress.482069346.cidr_blocks.0": "0.0.0.0/0",
                            "egress.482069346.description": "",
                            "egress.482069346.from_port": "0",
                            "egress.482069346.ipv6_cidr_blocks.#": "0",
                            "egress.482069346.prefix_list_ids.#": "0",
                            "egress.482069346.protocol": "-1",
                            "egress.482069346.security_groups.#": "0",
                            "egress.482069346.self": "false",
                            "egress.482069346.to_port": "0",
                            "id": "sg-074cc8020cb792f62",
                            "ingress.#": "1",
                            "ingress.2541437006.cidr_blocks.#": "1",
                            "ingress.2541437006.cidr_blocks.0": "0.0.0.0/0",
                            "ingress.2541437006.description": "",
                            "ingress.2541437006.from_port": "22",
                            "ingress.2541437006.ipv6_cidr_blocks.#": "0",
                            "ingress.2541437006.prefix_list_ids.#": "0",
                            "ingress.2541437006.protocol": "tcp",
                            "ingress.2541437006.security_groups.#": "0",
                            "ingress.2541437006.self": "false",
                            "ingress.2541437006.to_port": "22",
                            "name": "pruebas-tf-cloud-allow_ssh_anywhere_terra2",
                            "owner_id": "259360156455",
                            "revoke_rules_on_delete": "false",
                            "tags.%": "0",
                            "vpc_id": "vpc-c5a400bf"
                        },
                        "meta": {
                            "e2bfb730-ecaa-11e6-8f88-34363bc7c4c0": {
                                "create": 600000000000,
                                "delete": 600000000000
                            },
                            "schema_version": "1"
                        },
                        "tainted": false
                    },
                    "deposed": [],
                    "provider": "provider.aws"
                },
                "data.aws_ami.ubuntu": {
                    "type": "aws_ami",
                    "depends_on": [],
                    "primary": {
                        "id": "ami-0977029b5b13f3d08",
                        "attributes": {
                            "architecture": "x86_64",
                            "block_device_mappings.#": "3",
                            "block_device_mappings.1634610537.device_name": "/dev/sdb",
                            "block_device_mappings.1634610537.ebs.%": "0",
                            "block_device_mappings.1634610537.no_device": "",
                            "block_device_mappings.1634610537.virtual_name": "ephemeral0",
                            "block_device_mappings.2547816212.device_name": "/dev/sda1",
                            "block_device_mappings.2547816212.ebs.%": "6",
                            "block_device_mappings.2547816212.ebs.delete_on_termination": "true",
                            "block_device_mappings.2547816212.ebs.encrypted": "false",
                            "block_device_mappings.2547816212.ebs.iops": "0",
                            "block_device_mappings.2547816212.ebs.snapshot_id": "snap-022d9455659e6741c",
                            "block_device_mappings.2547816212.ebs.volume_size": "8",
                            "block_device_mappings.2547816212.ebs.volume_type": "gp2",
                            "block_device_mappings.2547816212.no_device": "",
                            "block_device_mappings.2547816212.virtual_name": "",
                            "block_device_mappings.3850042718.device_name": "/dev/sdc",
                            "block_device_mappings.3850042718.ebs.%": "0",
                            "block_device_mappings.3850042718.no_device": "",
                            "block_device_mappings.3850042718.virtual_name": "ephemeral1",
                            "creation_date": "2018-10-13T15:11:16.000Z",
                            "description": "Canonical, Ubuntu, 18.04 LTS, amd64 bionic image build on 2018-10-12",
                            "filter.#": "2",
                            "filter.490168357.name": "virtualization-type",
                            "filter.490168357.values.#": "1",
                            "filter.490168357.values.0": "hvm",
                            "filter.942818600.name": "name",
                            "filter.942818600.values.#": "1",
                            "filter.942818600.values.0": "ubuntu/images/hvm-ssd/ubuntu-bionic-18.04-amd64-server-*",
                            "hypervisor": "xen",
                            "id": "ami-0977029b5b13f3d08",
                            "image_id": "ami-0977029b5b13f3d08",
                            "image_location": "099720109477/ubuntu/images/hvm-ssd/ubuntu-bionic-18.04-amd64-server-20181012",
                            "image_type": "machine",
                            "most_recent": "true",
                            "name": "ubuntu/images/hvm-ssd/ubuntu-bionic-18.04-amd64-server-20181012",
                            "owner_id": "099720109477",
                            "owners.#": "1",
                            "owners.0": "099720109477",
                            "product_codes.#": "0",
                            "public": "true",
                            "root_device_name": "/dev/sda1",
                            "root_device_type": "ebs",
                            "root_snapshot_id": "snap-022d9455659e6741c",
                            "sriov_net_support": "simple",
                            "state": "available",
                            "state_reason.%": "2",
                            "state_reason.code": "UNSET",
                            "state_reason.message": "UNSET",
                            "tags.%": "0",
                            "virtualization_type": "hvm"
                        },
                        "meta": {},
                        "tainted": false
                    },
                    "deposed": [],
                    "provider": "provider.aws"
                }
            },
            "depends_on": []
        }
    ]
}
